
Microsoft Visual Studio Solution File, Format Version 12.00
# Visual Studio Version 17
VisualStudioVersion = 17.8.34309.116
MinimumVisualStudioVersion = 10.0.40219.1
Project("{FAE04EC0-301F-11D3-BF4B-00C04F79EFBC}") = "Assignment4", "Assignment4.csproj", "{99083D4C-A909-483D-A218-9E6948E18CB4}"
EndProject
Global
	GlobalSection(SolutionConfigurationPlatforms) = preSolution
		Debug|Any CPU = Debug|Any CPU
		Release|Any CPU = Release|Any CPU
	EndGlobalSection
	GlobalSection(ProjectConfigurationPlatforms) = postSolution
		{99083D4C-A909-483D-A218-9E6948E18CB4}.Debug|Any CPU.ActiveCfg = Debug|Any CPU
		{99083D4C-A909-483D-A218-9E6948E18CB4}.Debug|Any CPU.Build.0 = Debug|Any CPU
		{99083D4C-A909-483D-A218-9E6948E18CB4}.Release|Any CPU.ActiveCfg = Release|Any CPU
		{99083D4C-A909-483D-A218-9E6948E18CB4}.Release|Any CPU.Build.0 = Release|Any CPU
	EndGlobalSection
	GlobalSection(SolutionProperties) = preSolution
		HideSolutionNode = FALSE
	EndGlobalSection
	GlobalSection(ExtensibilityGlobals) = postSolution
		SolutionGuid = {26E73554-53A4-4634-B917-53189F319857}
	EndGlobalSection
EndGlobal
